<Solution>
  <Folder Name="/src/" />
  <Folder Name="/src/server/">
    <Project Path="src/server/Cipheroom.Api/Cipheroom.Api.csproj" />
    <Project Path="src/server/Cipheroom.Api.FunctionalTests/Cipheroom.Api.FunctionalTests.csproj" />
    <Project Path="src/server/Cipheroom.Domain/Cipheroom.Domain.csproj" />
    <Project Path="src/server/Cipheroom.Domain.UnitTests/Cipheroom.Domain.UnitTests.csproj" />
  </Folder>
</Solution>
