<Solution>
  <Folder Name="/workspace/">
    <File Path=".dockerignore" />
    <File Path=".editorconfig" />
    <File Path="Directory.Build.props" />
    <File Path="Directory.Packages.props" />
    <File Path="global.json" />
  </Folder>
  <Folder Name="/deploy/">
    <File Path="deploy/docker-compose.yml" />
  </Folder>
  <Folder Name="/docs/">
    <File Path="docs/architecture.md" />
    <File Path="docs/signaling-protocol.md" />
  </Folder>
  <Folder Name="/src/">
    <Project Path="src/Cipheroom.Domain/Cipheroom.Domain.csproj" />
    <Project Path="src/Cipheroom.Application/Cipheroom.Application.csproj" />
    <Project Path="src/Cipheroom.Infrastructure/Cipheroom.Infrastructure.csproj" />
    <Project Path="src/Cipheroom.Api/Cipheroom.Api.csproj" />
  </Folder>
  <Folder Name="/tests/">
    <File Path="tests/Directory.Build.props" />
    <Project Path="tests/Cipheroom.Domain.UnitTests/Cipheroom.Domain.UnitTests.csproj" />
    <Project Path="tests/Cipheroom.Application.UnitTests/Cipheroom.Application.UnitTests.csproj" />
    <Project Path="tests/Cipheroom.Infrastructure.IntegrationTests/Cipheroom.Infrastructure.IntegrationTests.csproj" />
    <Project Path="tests/Cipheroom.Api.FunctionalTests/Cipheroom.Api.FunctionalTests.csproj" />
  </Folder>
</Solution>
